// !$*UTF8*$!
{
	archiveVersion = 1;
	classes = {
	};
	objectVersion = 56;
	objects = {

/* Begin PBXBuildFile section */
		0C37161F2C184E8600763AB6 /* PresentationMVI in Frameworks */ = {isa = PBXBuildFile; productRef = 0C37161E2C184E8600763AB6 /* PresentationMVI */; };
		0C718B2D2BFAA73100F6F05B /* URLSessionNetworkingAdapter.swift in Sources */ = {isa = PBXBuildFile; fileRef = 0C718B232BFAA73100F6F05B /* URLSessionNetworkingAdapter.swift */; };
		0C718B2E2BFAA73100F6F05B /* AppCoordinator.swift in Sources */ = {isa = PBXBuildFile; fileRef = 0C718B252BFAA73100F6F05B /* AppCoordinator.swift */; };
		0C718B2F2BFAA73100F6F05B /* CommonCoordinator.swift in Sources */ = {isa = PBXBuildFile; fileRef = 0C718B262BFAA73100F6F05B /* CommonCoordinator.swift */; };
		0C718B312BFAA73100F6F05B /* RSSCoordinator.swift in Sources */ = {isa = PBXBuildFile; fileRef = 0C718B282BFAA73100F6F05B /* RSSCoordinator.swift */; };
		0C718B322BFAA73100F6F05B /* Container.swift in Sources */ = {isa = PBXBuildFile; fileRef = 0C718B2A2BFAA73100F6F05B /* Container.swift */; };
		0CAF40F72C16F15000A75A58 /* PresentationMVVM in Frameworks */ = {isa = PBXBuildFile; productRef = 0CAF40F62C16F15000A75A58 /* PresentationMVVM */; };
		0CCBF59B2BFAA3E700954094 /* XMLCoder in Frameworks */ = {isa = PBXBuildFile; productRef = 0CCBF59A2BFAA3E700954094 /* XMLCoder */; };
		0CCBF59D2BFAA5A900954094 /* Images.xcassets in Resources */ = {isa = PBXBuildFile; fileRef = 0CCBF59C2BFAA5A900954094 /* Images.xcassets */; };
		0CDFB13B2BFA97BE00A70F7D /* URLSessionNetworking in Frameworks */ = {isa = PBXBuildFile; productRef = 0CDFB13A2BFA97BE00A70F7D /* URLSessionNetworking */; };
		0CDFB13F2BFA9B5800A70F7D /* Domain in Frameworks */ = {isa = PBXBuildFile; productRef = 0CDFB13E2BFA9B5800A70F7D /* Domain */; };
		0CDFB1442BFA9E4400A70F7D /* Data in Frameworks */ = {isa = PBXBuildFile; productRef = 0CDFB1432BFA9E4400A70F7D /* Data */; };
		0CE571892BF7702900F75AE9 /* FeedyApp.swift in Sources */ = {isa = PBXBuildFile; fileRef = 0CE571882BF7702900F75AE9 /* FeedyApp.swift */; };
		0CE571902BF7702A00F75AE9 /* Preview Assets.xcassets in Resources */ = {isa = PBXBuildFile; fileRef = 0CE5718F2BF7702A00F75AE9 /* Preview Assets.xcassets */; };
		0CE5719A2BF7702A00F75AE9 /* FeedyTests.swift in Sources */ = {isa = PBXBuildFile; fileRef = 0CE571992BF7702A00F75AE9 /* FeedyTests.swift */; };
/* End PBXBuildFile section */

/* Begin PBXContainerItemProxy section */
		0CE571962BF7702A00F75AE9 /* PBXContainerItemProxy */ = {
			isa = PBXContainerItemProxy;
			containerPortal = 0CE5717D2BF7702900F75AE9 /* Project object */;
			proxyType = 1;
			remoteGlobalIDString = 0CE571842BF7702900F75AE9;
			remoteInfo = Feedy;
		};
/* End PBXContainerItemProxy section */

/* Begin PBXFileReference section */
		0C37161D2C184D7A00763AB6 /* PresentationMVI */ = {isa = PBXFileReference; lastKnownFileType = wrapper; path = PresentationMVI; sourceTree = "<group>"; };
		0C718B232BFAA73100F6F05B /* URLSessionNetworkingAdapter.swift */ = {isa = PBXFileReference; fileEncoding = 4; lastKnownFileType = sourcecode.swift; path = URLSessionNetworkingAdapter.swift; sourceTree = "<group>"; };
		0C718B252BFAA73100F6F05B /* AppCoordinator.swift */ = {isa = PBXFileReference; fileEncoding = 4; lastKnownFileType = sourcecode.swift; path = AppCoordinator.swift; sourceTree = "<group>"; };
		0C718B262BFAA73100F6F05B /* CommonCoordinator.swift */ = {isa = PBXFileReference; fileEncoding = 4; lastKnownFileType = sourcecode.swift; path = CommonCoordinator.swift; sourceTree = "<group>"; };
		0C718B282BFAA73100F6F05B /* RSSCoordinator.swift */ = {isa = PBXFileReference; fileEncoding = 4; lastKnownFileType = sourcecode.swift; path = RSSCoordinator.swift; sourceTree = "<group>"; };
		0C718B2A2BFAA73100F6F05B /* Container.swift */ = {isa = PBXFileReference; fileEncoding = 4; lastKnownFileType = sourcecode.swift; path = Container.swift; sourceTree = "<group>"; };
		0C9A1BD22BFB8E2600286CAB /* AllTests.xctestplan */ = {isa = PBXFileReference; lastKnownFileType = text; path = AllTests.xctestplan; sourceTree = "<group>"; };
		0C9F876B2BFAA22800BFCC39 /* Data */ = {isa = PBXFileReference; lastKnownFileType = wrapper; path = Data; sourceTree = "<group>"; };
		0C9F876C2BFAA22800BFCC39 /* Domain */ = {isa = PBXFileReference; lastKnownFileType = wrapper; path = Domain; sourceTree = "<group>"; };
		0CA8A4832C1600E30041D72D /* CommonUI */ = {isa = PBXFileReference; lastKnownFileType = wrapper; path = CommonUI; sourceTree = "<group>"; };
		0CAF40F52C16E88200A75A58 /* PresentationMVVM */ = {isa = PBXFileReference; lastKnownFileType = wrapper; path = PresentationMVVM; sourceTree = "<group>"; };
		0CBBE6DE2BFBE422001796CA /* Info.plist */ = {isa = PBXFileReference; lastKnownFileType = text.plist.xml; path = Info.plist; sourceTree = "<group>"; };
		0CCBF59C2BFAA5A900954094 /* Images.xcassets */ = {isa = PBXFileReference; lastKnownFileType = folder.assetcatalog; path = Images.xcassets; sourceTree = "<group>"; };
		0CDFB13D2BFA993700A70F7D /* TestUtility */ = {isa = PBXFileReference; lastKnownFileType = wrapper; path = TestUtility; sourceTree = "<group>"; };
		0CE571852BF7702900F75AE9 /* Feedy.app */ = {isa = PBXFileReference; explicitFileType = wrapper.application; includeInIndex = 0; path = Feedy.app; sourceTree = BUILT_PRODUCTS_DIR; };
		0CE571882BF7702900F75AE9 /* FeedyApp.swift */ = {isa = PBXFileReference; lastKnownFileType = sourcecode.swift; path = FeedyApp.swift; sourceTree = "<group>"; };
		0CE5718F2BF7702A00F75AE9 /* Preview Assets.xcassets */ = {isa = PBXFileReference; lastKnownFileType = folder.assetcatalog; path = "Preview Assets.xcassets"; sourceTree = "<group>"; };
		0CE571952BF7702A00F75AE9 /* FeedyTests.xctest */ = {isa = PBXFileReference; explicitFileType = wrapper.cfbundle; includeInIndex = 0; path = FeedyTests.xctest; sourceTree = BUILT_PRODUCTS_DIR; };
		0CE571992BF7702A00F75AE9 /* FeedyTests.swift */ = {isa = PBXFileReference; lastKnownFileType = sourcecode.swift; path = FeedyTests.swift; sourceTree = "<group>"; };
		0CF644ED2BFA972600C59F1A /* URLSessionNetworking */ = {isa = PBXFileReference; lastKnownFileType = wrapper; path = URLSessionNetworking; sourceTree = "<group>"; };
/* End PBXFileReference section */

/* Begin PBXFrameworksBuildPhase section */
		0CE571822BF7702900F75AE9 /* Frameworks */ = {
			isa = PBXFrameworksBuildPhase;
			buildActionMask = 2147483647;
			files = (
				0CDFB13B2BFA97BE00A70F7D /* URLSessionNetworking in Frameworks */,
				0C37161F2C184E8600763AB6 /* PresentationMVI in Frameworks */,
				0CDFB1442BFA9E4400A70F7D /* Data in Frameworks */,
				0CCBF59B2BFAA3E700954094 /* XMLCoder in Frameworks */,
				0CAF40F72C16F15000A75A58 /* PresentationMVVM in Frameworks */,
				0CDFB13F2BFA9B5800A70F7D /* Domain in Frameworks */,
			);
			runOnlyForDeploymentPostprocessing = 0;
		};
		0CE571922BF7702A00F75AE9 /* Frameworks */ = {
			isa = PBXFrameworksBuildPhase;
			buildActionMask = 2147483647;
			files = (
			);
			runOnlyForDeploymentPostprocessing = 0;
		};
/* End PBXFrameworksBuildPhase section */

/* Begin PBXGroup section */
		0C6C3FE42C161F950087C150 /* Common */ = {
			isa = PBXGroup;
			children = (
				0C718B2B2BFAA73100F6F05B /* DI */,
				0C718B242BFAA73100F6F05B /* Adapters */,
				0C718B292BFAA73100F6F05B /* Coordinator */,
			);
			path = Common;
			sourceTree = "<group>";
		};
		0C718B242BFAA73100F6F05B /* Adapters */ = {
			isa = PBXGroup;
			children = (
				0C718B232BFAA73100F6F05B /* URLSessionNetworkingAdapter.swift */,
			);
			path = Adapters;
			sourceTree = "<group>";
		};
		0C718B292BFAA73100F6F05B /* Coordinator */ = {
			isa = PBXGroup;
			children = (
				0C718B252BFAA73100F6F05B /* AppCoordinator.swift */,
				0C718B262BFAA73100F6F05B /* CommonCoordinator.swift */,
				0C718B282BFAA73100F6F05B /* RSSCoordinator.swift */,
			);
			path = Coordinator;
			sourceTree = "<group>";
		};
		0C718B2B2BFAA73100F6F05B /* DI */ = {
			isa = PBXGroup;
			children = (
				0C718B2A2BFAA73100F6F05B /* Container.swift */,
			);
			path = DI;
			sourceTree = "<group>";
		};
		0C718B2C2BFAA73100F6F05B /* App */ = {
			isa = PBXGroup;
			children = (
				0C6C3FE42C161F950087C150 /* Common */,
				0CE571882BF7702900F75AE9 /* FeedyApp.swift */,
			);
			path = App;
			sourceTree = "<group>";
		};
		0CDFB1372BFA97B900A70F7D /* Frameworks */ = {
			isa = PBXGroup;
			children = (
			);
			name = Frameworks;
			sourceTree = "<group>";
		};
		0CE5717C2BF7702900F75AE9 = {
			isa = PBXGroup;
			children = (
				0CE571872BF7702900F75AE9 /* Feedy */,
				0CE571B22BF7704100F75AE9 /* Resources */,
				0CE571982BF7702A00F75AE9 /* FeedyTests */,
				0CE571862BF7702900F75AE9 /* Products */,
				0CDFB1372BFA97B900A70F7D /* Frameworks */,
			);
			sourceTree = "<group>";
		};
		0CE571862BF7702900F75AE9 /* Products */ = {
			isa = PBXGroup;
			children = (
				0CE571852BF7702900F75AE9 /* Feedy.app */,
				0CE571952BF7702A00F75AE9 /* FeedyTests.xctest */,
			);
			name = Products;
			sourceTree = "<group>";
		};
		0CE571872BF7702900F75AE9 /* Feedy */ = {
			isa = PBXGroup;
			children = (
				0CF644EB2BFA964300C59F1A /* Infrastructure */,
				0C9F876B2BFAA22800BFCC39 /* Data */,
				0C9F876C2BFAA22800BFCC39 /* Domain */,
				0CA8A4832C1600E30041D72D /* CommonUI */,
				0C37161D2C184D7A00763AB6 /* PresentationMVI */,
				0CAF40F52C16E88200A75A58 /* PresentationMVVM */,
				0C718B2C2BFAA73100F6F05B /* App */,
			);
			path = Feedy;
			sourceTree = "<group>";
		};
		0CE5718E2BF7702A00F75AE9 /* Preview Content */ = {
			isa = PBXGroup;
			children = (
				0CE5718F2BF7702A00F75AE9 /* Preview Assets.xcassets */,
			);
			path = "Preview Content";
			sourceTree = "<group>";
		};
		0CE571982BF7702A00F75AE9 /* FeedyTests */ = {
			isa = PBXGroup;
			children = (
				0CE571992BF7702A00F75AE9 /* FeedyTests.swift */,
			);
			path = FeedyTests;
			sourceTree = "<group>";
		};
		0CE571B22BF7704100F75AE9 /* Resources */ = {
			isa = PBXGroup;
			children = (
				0CBBE6DE2BFBE422001796CA /* Info.plist */,
				0C9A1BD22BFB8E2600286CAB /* AllTests.xctestplan */,
				0CE571B32BF7706300F75AE9 /* Images */,
			);
			path = Resources;
			sourceTree = "<group>";
		};
		0CE571B32BF7706300F75AE9 /* Images */ = {
			isa = PBXGroup;
			children = (
				0CE5718E2BF7702A00F75AE9 /* Preview Content */,
				0CCBF59C2BFAA5A900954094 /* Images.xcassets */,
			);
			path = Images;
			sourceTree = "<group>";
		};
		0CF644EB2BFA964300C59F1A /* Infrastructure */ = {
			isa = PBXGroup;
			children = (
				0CDFB13D2BFA993700A70F7D /* TestUtility */,
				0CF644ED2BFA972600C59F1A /* URLSessionNetworking */,
			);
			path = Infrastructure;
			sourceTree = "<group>";
		};
/* End PBXGroup section */

/* Begin PBXNativeTarget section */
		0CE571842BF7702900F75AE9 /* Feedy */ = {
			isa = PBXNativeTarget;
			buildConfigurationList = 0CE571A92BF7702A00F75AE9 /* Build configuration list for PBXNativeTarget "Feedy" */;
			buildPhases = (
				0CE571812BF7702900F75AE9 /* Sources */,
				0CE571822BF7702900F75AE9 /* Frameworks */,
				0CE571832BF7702900F75AE9 /* Resources */,
			);
			buildRules = (
			);
			dependencies = (
			);
			name = Feedy;
			packageProductDependencies = (
				0CDFB13A2BFA97BE00A70F7D /* URLSessionNetworking */,
				0CDFB13E2BFA9B5800A70F7D /* Domain */,
				0CDFB1432BFA9E4400A70F7D /* Data */,
				0CCBF59A2BFAA3E700954094 /* XMLCoder */,
				0CAF40F62C16F15000A75A58 /* PresentationMVVM */,
				0C37161E2C184E8600763AB6 /* PresentationMVI */,
			);
			productName = Feedy;
			productReference = 0CE571852BF7702900F75AE9 /* Feedy.app */;
			productType = "com.apple.product-type.application";
		};
		0CE571942BF7702A00F75AE9 /* FeedyTests */ = {
			isa = PBXNativeTarget;
			buildConfigurationList = 0CE571AC2BF7702A00F75AE9 /* Build configuration list for PBXNativeTarget "FeedyTests" */;
			buildPhases = (
				0CE571912BF7702A00F75AE9 /* Sources */,
				0CE571922BF7702A00F75AE9 /* Frameworks */,
				0CE571932BF7702A00F75AE9 /* Resources */,
			);
			buildRules = (
			);
			dependencies = (
				0CE571972BF7702A00F75AE9 /* PBXTargetDependency */,
			);
			name = FeedyTests;
			productName = FeedyTests;
			productReference = 0CE571952BF7702A00F75AE9 /* FeedyTests.xctest */;
			productType = "com.apple.product-type.bundle.unit-test";
		};
/* End PBXNativeTarget section */

/* Begin PBXProject section */
		0CE5717D2BF7702900F75AE9 /* Project object */ = {
			isa = PBXProject;
			attributes = {
				BuildIndependentTargetsInParallel = 1;
				LastSwiftUpdateCheck = 1530;
				LastUpgradeCheck = 1530;
				TargetAttributes = {
					0CE571842BF7702900F75AE9 = {
						CreatedOnToolsVersion = 15.3;
					};
					0CE571942BF7702A00F75AE9 = {
						CreatedOnToolsVersion = 15.3;
						TestTargetID = 0CE571842BF7702900F75AE9;
					};
				};
			};
			buildConfigurationList = 0CE571802BF7702900F75AE9 /* Build configuration list for PBXProject "Feedy" */;
			compatibilityVersion = "Xcode 14.0";
			developmentRegion = en;
			hasScannedForEncodings = 0;
			knownRegions = (
				en,
				Base,
			);
			mainGroup = 0CE5717C2BF7702900F75AE9;
			packageReferences = (
				0CCBF5992BFAA3E700954094 /* XCRemoteSwiftPackageReference "XMLCoder" */,
			);
			productRefGroup = 0CE571862BF7702900F75AE9 /* Products */;
			projectDirPath = "";
			projectRoot = "";
			targets = (
				0CE571842BF7702900F75AE9 /* Feedy */,
				0CE571942BF7702A00F75AE9 /* FeedyTests */,
			);
		};
/* End PBXProject section */

/* Begin PBXResourcesBuildPhase section */
		0CE571832BF7702900F75AE9 /* Resources */ = {
			isa = PBXResourcesBuildPhase;
			buildActionMask = 2147483647;
			files = (
				0CCBF59D2BFAA5A900954094 /* Images.xcassets in Resources */,
				0CE571902BF7702A00F75AE9 /* Preview Assets.xcassets in Resources */,
			);
			runOnlyForDeploymentPostprocessing = 0;
		};
		0CE571932BF7702A00F75AE9 /* Resources */ = {
			isa = PBXResourcesBuildPhase;
			buildActionMask = 2147483647;
			files = (
			);
			runOnlyForDeploymentPostprocessing = 0;
		};
/* End PBXResourcesBuildPhase section */

/* Begin PBXSourcesBuildPhase section */
		0CE571812BF7702900F75AE9 /* Sources */ = {
			isa = PBXSourcesBuildPhase;
			buildActionMask = 2147483647;
			files = (
				0C718B2F2BFAA73100F6F05B /* CommonCoordinator.swift in Sources */,
				0C718B2D2BFAA73100F6F05B /* URLSessionNetworkingAdapter.swift in Sources */,
				0C718B2E2BFAA73100F6F05B /* AppCoordinator.swift in Sources */,
				0CE571892BF7702900F75AE9 /* FeedyApp.swift in Sources */,
				0C718B322BFAA73100F6F05B /* Container.swift in Sources */,
				0C718B312BFAA73100F6F05B /* RSSCoordinator.swift in Sources */,
			);
			runOnlyForDeploymentPostprocessing = 0;
		};
		0CE571912BF7702A00F75AE9 /* Sources */ = {
			isa = PBXSourcesBuildPhase;
			buildActionMask = 2147483647;
			files = (
				0CE5719A2BF7702A00F75AE9 /* FeedyTests.swift in Sources */,
			);
			runOnlyForDeploymentPostprocessing = 0;
		};
/* End PBXSourcesBuildPhase section */

/* Begin PBXTargetDependency section */
		0CE571972BF7702A00F75AE9 /* PBXTargetDependency */ = {
			isa = PBXTargetDependency;
			target = 0CE571842BF7702900F75AE9 /* Feedy */;
			targetProxy = 0CE571962BF7702A00F75AE9 /* PBXContainerItemProxy */;
		};
/* End PBXTargetDependency section */

/* Begin XCBuildConfiguration section */
		0CE571A72BF7702A00F75AE9 /* Debug */ = {
			isa = XCBuildConfiguration;
			buildSettings = {
				ALWAYS_SEARCH_USER_PATHS = NO;
				ASSETCATALOG_COMPILER_GENERATE_SWIFT_ASSET_SYMBOL_EXTENSIONS = YES;
				CLANG_ANALYZER_NONNULL = YES;
				CLANG_ANALYZER_NUMBER_OBJECT_CONVERSION = YES_AGGRESSIVE;
				CLANG_CXX_LANGUAGE_STANDARD = "gnu++20";
				CLANG_ENABLE_MODULES = YES;
				CLANG_ENABLE_OBJC_ARC = YES;
				CLANG_ENABLE_OBJC_WEAK = YES;
				CLANG_WARN_BLOCK_CAPTURE_AUTORELEASING = YES;
				CLANG_WARN_BOOL_CONVERSION = YES;
				CLANG_WARN_COMMA = YES;
				CLANG_WARN_CONSTANT_CONVERSION = YES;
				CLANG_WARN_DEPRECATED_OBJC_IMPLEMENTATIONS = YES;
				CLANG_WARN_DIRECT_OBJC_ISA_USAGE = YES_ERROR;
				CLANG_WARN_DOCUMENTATION_COMMENTS = YES;
				CLANG_WARN_EMPTY_BODY = YES;
				CLANG_WARN_ENUM_CONVERSION = YES;
				CLANG_WARN_INFINITE_RECURSION = YES;
				CLANG_WARN_INT_CONVERSION = YES;
				CLANG_WARN_NON_LITERAL_NULL_CONVERSION = YES;
				CLANG_WARN_OBJC_IMPLICIT_RETAIN_SELF = YES;
				CLANG_WARN_OBJC_LITERAL_CONVERSION = YES;
				CLANG_WARN_OBJC_ROOT_CLASS = YES_ERROR;
				CLANG_WARN_QUOTED_INCLUDE_IN_FRAMEWORK_HEADER = YES;
				CLANG_WARN_RANGE_LOOP_ANALYSIS = YES;
				CLANG_WARN_STRICT_PROTOTYPES = YES;
				CLANG_WARN_SUSPICIOUS_MOVE = YES;
				CLANG_WARN_UNGUARDED_AVAILABILITY = YES_AGGRESSIVE;
				CLANG_WARN_UNREACHABLE_CODE = YES;
				CLANG_WARN__DUPLICATE_METHOD_MATCH = YES;
				COPY_PHASE_STRIP = NO;
				DEBUG_INFORMATION_FORMAT = dwarf;
				ENABLE_STRICT_OBJC_MSGSEND = YES;
				ENABLE_TESTABILITY = YES;
				ENABLE_USER_SCRIPT_SANDBOXING = YES;
				GCC_C_LANGUAGE_STANDARD = gnu17;
				GCC_DYNAMIC_NO_PIC = NO;
				GCC_NO_COMMON_BLOCKS = YES;
				GCC_OPTIMIZATION_LEVEL = 0;
				GCC_PREPROCESSOR_DEFINITIONS = (
					"DEBUG=1",
					"$(inherited)",
				);
				GCC_WARN_64_TO_32_BIT_CONVERSION = YES;
				GCC_WARN_ABOUT_RETURN_TYPE = YES_ERROR;
				GCC_WARN_UNDECLARED_SELECTOR = YES;
				GCC_WARN_UNINITIALIZED_AUTOS = YES_AGGRESSIVE;
				GCC_WARN_UNUSED_FUNCTION = YES;
				GCC_WARN_UNUSED_VARIABLE = YES;
				IPHONEOS_DEPLOYMENT_TARGET = 17.4;
				LOCALIZATION_PREFERS_STRING_CATALOGS = YES;
				MTL_ENABLE_DEBUG_INFO = INCLUDE_SOURCE;
				MTL_FAST_MATH = YES;
				ONLY_ACTIVE_ARCH = YES;
				SDKROOT = iphoneos;
				SWIFT_ACTIVE_COMPILATION_CONDITIONS = "DEBUG $(inherited)";
				SWIFT_OPTIMIZATION_LEVEL = "-Onone";
			};
			name = Debug;
		};
		0CE571A82BF7702A00F75AE9 /* Release */ = {
			isa = XCBuildConfiguration;
			buildSettings = {
				ALWAYS_SEARCH_USER_PATHS = NO;
				ASSETCATALOG_COMPILER_GENERATE_SWIFT_ASSET_SYMBOL_EXTENSIONS = YES;
				CLANG_ANALYZER_NONNULL = YES;
				CLANG_ANALYZER_NUMBER_OBJECT_CONVERSION = YES_AGGRESSIVE;
				CLANG_CXX_LANGUAGE_STANDARD = "gnu++20";
				CLANG_ENABLE_MODULES = YES;
				CLANG_ENABLE_OBJC_ARC = YES;
				CLANG_ENABLE_OBJC_WEAK = YES;
				CLANG_WARN_BLOCK_CAPTURE_AUTORELEASING = YES;
				CLANG_WARN_BOOL_CONVERSION = YES;
				CLANG_WARN_COMMA = YES;
				CLANG_WARN_CONSTANT_CONVERSION = YES;
				CLANG_WARN_DEPRECATED_OBJC_IMPLEMENTATIONS = YES;
				CLANG_WARN_DIRECT_OBJC_ISA_USAGE = YES_ERROR;
				CLANG_WARN_DOCUMENTATION_COMMENTS = YES;
				CLANG_WARN_EMPTY_BODY = YES;
				CLANG_WARN_ENUM_CONVERSION = YES;
				CLANG_WARN_INFINITE_RECURSION = YES;
				CLANG_WARN_INT_CONVERSION = YES;
				CLANG_WARN_NON_LITERAL_NULL_CONVERSION = YES;
				CLANG_WARN_OBJC_IMPLICIT_RETAIN_SELF = YES;
				CLANG_WARN_OBJC_LITERAL_CONVERSION = YES;
				CLANG_WARN_OBJC_ROOT_CLASS = YES_ERROR;
				CLANG_WARN_QUOTED_INCLUDE_IN_FRAMEWORK_HEADER = YES;
				CLANG_WARN_RANGE_LOOP_ANALYSIS = YES;
				CLANG_WARN_STRICT_PROTOTYPES = YES;
				CLANG_WARN_SUSPICIOUS_MOVE = YES;
				CLANG_WARN_UNGUARDED_AVAILABILITY = YES_AGGRESSIVE;
				CLANG_WARN_UNREACHABLE_CODE = YES;
				CLANG_WARN__DUPLICATE_METHOD_MATCH = YES;
				COPY_PHASE_STRIP = NO;
				DEBUG_INFORMATION_FORMAT = "dwarf-with-dsym";
				ENABLE_NS_ASSERTIONS = NO;
				ENABLE_STRICT_OBJC_MSGSEND = YES;
				ENABLE_USER_SCRIPT_SANDBOXING = YES;
				GCC_C_LANGUAGE_STANDARD = gnu17;
				GCC_NO_COMMON_BLOCKS = YES;
				GCC_WARN_64_TO_32_BIT_CONVERSION = YES;
				GCC_WARN_ABOUT_RETURN_TYPE = YES_ERROR;
				GCC_WARN_UNDECLARED_SELECTOR = YES;
				GCC_WARN_UNINITIALIZED_AUTOS = YES_AGGRESSIVE;
				GCC_WARN_UNUSED_FUNCTION = YES;
				GCC_WARN_UNUSED_VARIABLE = YES;
				IPHONEOS_DEPLOYMENT_TARGET = 17.4;
				LOCALIZATION_PREFERS_STRING_CATALOGS = YES;
				MTL_ENABLE_DEBUG_INFO = NO;
				MTL_FAST_MATH = YES;
				SDKROOT = iphoneos;
				SWIFT_COMPILATION_MODE = wholemodule;
				VALIDATE_PRODUCT = YES;
			};
			name = Release;
		};
		0CE571AA2BF7702A00F75AE9 /* Debug */ = {
			isa = XCBuildConfiguration;
			buildSettings = {
				ASSETCATALOG_COMPILER_APPICON_NAME = AppIcon;
				ASSETCATALOG_COMPILER_GLOBAL_ACCENT_COLOR_NAME = AccentColor;
				CODE_SIGN_STYLE = Automatic;
				CURRENT_PROJECT_VERSION = 1;
				DEVELOPMENT_ASSET_PATHS = "Resources/Images/Preview\\ Content";
				DEVELOPMENT_TEAM = 4CHP7B6QMP;
				ENABLE_PREVIEWS = YES;
				GENERATE_INFOPLIST_FILE = YES;
				INFOPLIST_FILE = Resources/Info.plist;
				INFOPLIST_KEY_UIApplicationSceneManifest_Generation = YES;
				INFOPLIST_KEY_UIApplicationSupportsIndirectInputEvents = YES;
				INFOPLIST_KEY_UILaunchScreen_Generation = YES;
				INFOPLIST_KEY_UISupportedInterfaceOrientations_iPad = "UIInterfaceOrientationPortrait UIInterfaceOrientationPortraitUpsideDown UIInterfaceOrientationLandscapeLeft UIInterfaceOrientationLandscapeRight";
				INFOPLIST_KEY_UISupportedInterfaceOrientations_iPhone = "UIInterfaceOrientationPortrait UIInterfaceOrientationLandscapeLeft UIInterfaceOrientationLandscapeRight";
				INFOPLIST_KEY_UIUserInterfaceStyle = Light;
				LD_RUNPATH_SEARCH_PATHS = (
					"$(inherited)",
					"@executable_path/Frameworks",
				);
				MARKETING_VERSION = 1.0;
				PRODUCT_BUNDLE_IDENTIFIER = com.test.feedy;
				PRODUCT_NAME = "$(TARGET_NAME)";
				SWIFT_EMIT_LOC_STRINGS = YES;
				SWIFT_VERSION = 5.0;
				TARGETED_DEVICE_FAMILY = "1,2";
			};
			name = Debug;
		};
		0CE571AB2BF7702A00F75AE9 /* Release */ = {
			isa = XCBuildConfiguration;
			buildSettings = {
				ASSETCATALOG_COMPILER_APPICON_NAME = AppIcon;
				ASSETCATALOG_COMPILER_GLOBAL_ACCENT_COLOR_NAME = AccentColor;
				CODE_SIGN_STYLE = Automatic;
				CURRENT_PROJECT_VERSION = 1;
				DEVELOPMENT_ASSET_PATHS = "Resources/Images/Preview\\ Content";
				DEVELOPMENT_TEAM = 4CHP7B6QMP;
				ENABLE_PREVIEWS = YES;
				GENERATE_INFOPLIST_FILE = YES;
				INFOPLIST_FILE = Resources/Info.plist;
				INFOPLIST_KEY_UIApplicationSceneManifest_Generation = YES;
				INFOPLIST_KEY_UIApplicationSupportsIndirectInputEvents = YES;
				INFOPLIST_KEY_UILaunchScreen_Generation = YES;
				INFOPLIST_KEY_UISupportedInterfaceOrientations_iPad = "UIInterfaceOrientationPortrait UIInterfaceOrientationPortraitUpsideDown UIInterfaceOrientationLandscapeLeft UIInterfaceOrientationLandscapeRight";
				INFOPLIST_KEY_UISupportedInterfaceOrientations_iPhone = "UIInterfaceOrientationPortrait UIInterfaceOrientationLandscapeLeft UIInterfaceOrientationLandscapeRight";
				INFOPLIST_KEY_UIUserInterfaceStyle = Light;
				LD_RUNPATH_SEARCH_PATHS = (
					"$(inherited)",
					"@executable_path/Frameworks",
				);
				MARKETING_VERSION = 1.0;
				PRODUCT_BUNDLE_IDENTIFIER = com.test.feedy;
				PRODUCT_NAME = "$(TARGET_NAME)";
				SWIFT_EMIT_LOC_STRINGS = YES;
				SWIFT_VERSION = 5.0;
				TARGETED_DEVICE_FAMILY = "1,2";
			};
			name = Release;
		};
		0CE571AD2BF7702A00F75AE9 /* Debug */ = {
			isa = XCBuildConfiguration;
			buildSettings = {
				ALWAYS_EMBED_SWIFT_STANDARD_LIBRARIES = YES;
				BUNDLE_LOADER = "$(TEST_HOST)";
				CODE_SIGN_STYLE = Automatic;
				CURRENT_PROJECT_VERSION = 1;
				GENERATE_INFOPLIST_FILE = YES;
				IPHONEOS_DEPLOYMENT_TARGET = 17.4;
				MARKETING_VERSION = 1.0;
				PRODUCT_BUNDLE_IDENTIFIER = com.huis.feedy.FeedyTests;
				PRODUCT_NAME = "$(TARGET_NAME)";
				SWIFT_EMIT_LOC_STRINGS = NO;
				SWIFT_VERSION = 5.0;
				TARGETED_DEVICE_FAMILY = "1,2";
				TEST_HOST = "$(BUILT_PRODUCTS_DIR)/Feedy.app/$(BUNDLE_EXECUTABLE_FOLDER_PATH)/Feedy";
			};
			name = Debug;
		};
		0CE571AE2BF7702A00F75AE9 /* Release */ = {
			isa = XCBuildConfiguration;
			buildSettings = {
				ALWAYS_EMBED_SWIFT_STANDARD_LIBRARIES = YES;
				BUNDLE_LOADER = "$(TEST_HOST)";
				CODE_SIGN_STYLE = Automatic;
				CURRENT_PROJECT_VERSION = 1;
				GENERATE_INFOPLIST_FILE = YES;
				IPHONEOS_DEPLOYMENT_TARGET = 17.4;
				MARKETING_VERSION = 1.0;
				PRODUCT_BUNDLE_IDENTIFIER = com.huis.feedy.FeedyTests;
				PRODUCT_NAME = "$(TARGET_NAME)";
				SWIFT_EMIT_LOC_STRINGS = NO;
				SWIFT_VERSION = 5.0;
				TARGETED_DEVICE_FAMILY = "1,2";
				TEST_HOST = "$(BUILT_PRODUCTS_DIR)/Feedy.app/$(BUNDLE_EXECUTABLE_FOLDER_PATH)/Feedy";
			};
			name = Release;
		};
/* End XCBuildConfiguration section */

/* Begin XCConfigurationList section */
		0CE571802BF7702900F75AE9 /* Build configuration list for PBXProject "Feedy" */ = {
			isa = XCConfigurationList;
			buildConfigurations = (
				0CE571A72BF7702A00F75AE9 /* Debug */,
				0CE571A82BF7702A00F75AE9 /* Release */,
			);
			defaultConfigurationIsVisible = 0;
			defaultConfigurationName = Release;
		};
		0CE571A92BF7702A00F75AE9 /* Build configuration list for PBXNativeTarget "Feedy" */ = {
			isa = XCConfigurationList;
			buildConfigurations = (
				0CE571AA2BF7702A00F75AE9 /* Debug */,
				0CE571AB2BF7702A00F75AE9 /* Release */,
			);
			defaultConfigurationIsVisible = 0;
			defaultConfigurationName = Release;
		};
		0CE571AC2BF7702A00F75AE9 /* Build configuration list for PBXNativeTarget "FeedyTests" */ = {
			isa = XCConfigurationList;
			buildConfigurations = (
				0CE571AD2BF7702A00F75AE9 /* Debug */,
				0CE571AE2BF7702A00F75AE9 /* Release */,
			);
			defaultConfigurationIsVisible = 0;
			defaultConfigurationName = Release;
		};
/* End XCConfigurationList section */

/* Begin XCRemoteSwiftPackageReference section */
		0CCBF5992BFAA3E700954094 /* XCRemoteSwiftPackageReference "XMLCoder" */ = {
			isa = XCRemoteSwiftPackageReference;
			repositoryURL = "https://github.com/CoreOffice/XMLCoder";
			requirement = {
				kind = upToNextMajorVersion;
				minimumVersion = 0.17.1;
			};
		};
/* End XCRemoteSwiftPackageReference section */

/* Begin XCSwiftPackageProductDependency section */
		0C37161E2C184E8600763AB6 /* PresentationMVI */ = {
			isa = XCSwiftPackageProductDependency;
			productName = PresentationMVI;
		};
		0CAF40F62C16F15000A75A58 /* PresentationMVVM */ = {
			isa = XCSwiftPackageProductDependency;
			productName = PresentationMVVM;
		};
		0CCBF59A2BFAA3E700954094 /* XMLCoder */ = {
			isa = XCSwiftPackageProductDependency;
			package = 0CCBF5992BFAA3E700954094 /* XCRemoteSwiftPackageReference "XMLCoder" */;
			productName = XMLCoder;
		};
		0CDFB13A2BFA97BE00A70F7D /* URLSessionNetworking */ = {
			isa = XCSwiftPackageProductDependency;
			productName = URLSessionNetworking;
		};
		0CDFB13E2BFA9B5800A70F7D /* Domain */ = {
			isa = XCSwiftPackageProductDependency;
			productName = Domain;
		};
		0CDFB1432BFA9E4400A70F7D /* Data */ = {
			isa = XCSwiftPackageProductDependency;
			productName = Data;
		};
/* End XCSwiftPackageProductDependency section */
	};
	rootObject = 0CE5717D2BF7702900F75AE9 /* Project object */;
}
