// !$*UTF8*$!
{
	archiveVersion = 1;
	classes = {
	};
	objectVersion = 56;
	objects = {

/* Begin PBXBuildFile section */
		0C141E662BE2A520005E074C /* URLSessionNetworkingAdapter.swift in Sources */ = {isa = PBXBuildFile; fileRef = 0C141E652BE2A520005E074C /* URLSessionNetworkingAdapter.swift */; };
		0CC5E37F2BE29CE90065A5F1 /* Assets.xcassets in Resources */ = {isa = PBXBuildFile; fileRef = 0CC5E37E2BE29CE90065A5F1 /* Assets.xcassets */; };
		0CC5E3822BE29CE90065A5F1 /* Preview Assets.xcassets in Resources */ = {isa = PBXBuildFile; fileRef = 0CC5E3812BE29CE90065A5F1 /* Preview Assets.xcassets */; };
		0CC5E38C2BE29CE90065A5F1 /* ArchitectureDemoTests.swift in Sources */ = {isa = PBXBuildFile; fileRef = 0CC5E38B2BE29CE90065A5F1 /* ArchitectureDemoTests.swift */; };
		0CC5E3B42BE29EAF0065A5F1 /* ArchitectureDemoApp.swift in Sources */ = {isa = PBXBuildFile; fileRef = 0CC5E3B02BE29EAF0065A5F1 /* ArchitectureDemoApp.swift */; };
		0CC5E3B52BE29EAF0065A5F1 /* API.swift in Sources */ = {isa = PBXBuildFile; fileRef = 0CC5E3B12BE29EAF0065A5F1 /* API.swift */; };
		0CC5E3B62BE29EAF0065A5F1 /* Container.swift in Sources */ = {isa = PBXBuildFile; fileRef = 0CC5E3B22BE29EAF0065A5F1 /* Container.swift */; };
		0CC5E3B72BE29EAF0065A5F1 /* AppDelegate.swift in Sources */ = {isa = PBXBuildFile; fileRef = 0CC5E3B32BE29EAF0065A5F1 /* AppDelegate.swift */; };
		0CC5E3BB2BE29EC40065A5F1 /* AppCoordinator.swift in Sources */ = {isa = PBXBuildFile; fileRef = 0CC5E3B92BE29EC40065A5F1 /* AppCoordinator.swift */; };
		0CC5E3BC2BE29EC40065A5F1 /* PokemonsCoordinator.swift in Sources */ = {isa = PBXBuildFile; fileRef = 0CC5E3BA2BE29EC40065A5F1 /* PokemonsCoordinator.swift */; };
		0CC5E3BF2BE2A3880065A5F1 /* Data in Frameworks */ = {isa = PBXBuildFile; productRef = 0CC5E3BE2BE2A3880065A5F1 /* Data */; };
		0CC5E3C12BE2A3880065A5F1 /* Domain in Frameworks */ = {isa = PBXBuildFile; productRef = 0CC5E3C02BE2A3880065A5F1 /* Domain */; };
		0CC5E3C32BE2A3880065A5F1 /* Presentation in Frameworks */ = {isa = PBXBuildFile; productRef = 0CC5E3C22BE2A3880065A5F1 /* Presentation */; };
		0CC5E3C52BE2A3880065A5F1 /* Uniflow in Frameworks */ = {isa = PBXBuildFile; productRef = 0CC5E3C42BE2A3880065A5F1 /* Uniflow */; };
		0CC5E3C72BE2A3880065A5F1 /* URLSessionNetworking in Frameworks */ = {isa = PBXBuildFile; productRef = 0CC5E3C62BE2A3880065A5F1 /* URLSessionNetworking */; };
/* End PBXBuildFile section */

/* Begin PBXContainerItemProxy section */
		0CC5E3882BE29CE90065A5F1 /* PBXContainerItemProxy */ = {
			isa = PBXContainerItemProxy;
			containerPortal = 0CC5E36F2BE29CE80065A5F1 /* Project object */;
			proxyType = 1;
			remoteGlobalIDString = 0CC5E3762BE29CE80065A5F1;
			remoteInfo = ArchitectureDemo;
		};
/* End PBXContainerItemProxy section */

/* Begin PBXFileReference section */
		0C141E652BE2A520005E074C /* URLSessionNetworkingAdapter.swift */ = {isa = PBXFileReference; lastKnownFileType = sourcecode.swift; path = URLSessionNetworkingAdapter.swift; sourceTree = "<group>"; };
		0CC5E3772BE29CE80065A5F1 /* ArchitectureDemo.app */ = {isa = PBXFileReference; explicitFileType = wrapper.application; includeInIndex = 0; path = ArchitectureDemo.app; sourceTree = BUILT_PRODUCTS_DIR; };
		0CC5E37E2BE29CE90065A5F1 /* Assets.xcassets */ = {isa = PBXFileReference; lastKnownFileType = folder.assetcatalog; path = Assets.xcassets; sourceTree = "<group>"; };
		0CC5E3812BE29CE90065A5F1 /* Preview Assets.xcassets */ = {isa = PBXFileReference; lastKnownFileType = folder.assetcatalog; path = "Preview Assets.xcassets"; sourceTree = "<group>"; };
		0CC5E3872BE29CE90065A5F1 /* ArchitectureDemoTests.xctest */ = {isa = PBXFileReference; explicitFileType = wrapper.cfbundle; includeInIndex = 0; path = ArchitectureDemoTests.xctest; sourceTree = BUILT_PRODUCTS_DIR; };
		0CC5E38B2BE29CE90065A5F1 /* ArchitectureDemoTests.swift */ = {isa = PBXFileReference; lastKnownFileType = sourcecode.swift; path = ArchitectureDemoTests.swift; sourceTree = "<group>"; };
		0CC5E3AA2BE29DB30065A5F1 /* Uniflow */ = {isa = PBXFileReference; lastKnownFileType = wrapper; path = Uniflow; sourceTree = "<group>"; };
		0CC5E3AB2BE29DE00065A5F1 /* URLSessionNetworking */ = {isa = PBXFileReference; lastKnownFileType = wrapper; path = URLSessionNetworking; sourceTree = "<group>"; };
		0CC5E3AC2BE29DFB0065A5F1 /* Data */ = {isa = PBXFileReference; lastKnownFileType = wrapper; path = Data; sourceTree = "<group>"; };
		0CC5E3AD2BE29E160065A5F1 /* Domain */ = {isa = PBXFileReference; lastKnownFileType = wrapper; path = Domain; sourceTree = "<group>"; };
		0CC5E3AE2BE29E310065A5F1 /* Presentation */ = {isa = PBXFileReference; lastKnownFileType = wrapper; path = Presentation; sourceTree = "<group>"; };
		0CC5E3B02BE29EAF0065A5F1 /* ArchitectureDemoApp.swift */ = {isa = PBXFileReference; fileEncoding = 4; lastKnownFileType = sourcecode.swift; path = ArchitectureDemoApp.swift; sourceTree = "<group>"; };
		0CC5E3B12BE29EAF0065A5F1 /* API.swift */ = {isa = PBXFileReference; fileEncoding = 4; lastKnownFileType = sourcecode.swift; path = API.swift; sourceTree = "<group>"; };
		0CC5E3B22BE29EAF0065A5F1 /* Container.swift */ = {isa = PBXFileReference; fileEncoding = 4; lastKnownFileType = sourcecode.swift; path = Container.swift; sourceTree = "<group>"; };
		0CC5E3B32BE29EAF0065A5F1 /* AppDelegate.swift */ = {isa = PBXFileReference; fileEncoding = 4; lastKnownFileType = sourcecode.swift; path = AppDelegate.swift; sourceTree = "<group>"; };
		0CC5E3B92BE29EC40065A5F1 /* AppCoordinator.swift */ = {isa = PBXFileReference; fileEncoding = 4; lastKnownFileType = sourcecode.swift; path = AppCoordinator.swift; sourceTree = "<group>"; };
		0CC5E3BA2BE29EC40065A5F1 /* PokemonsCoordinator.swift */ = {isa = PBXFileReference; fileEncoding = 4; lastKnownFileType = sourcecode.swift; path = PokemonsCoordinator.swift; sourceTree = "<group>"; };
/* End PBXFileReference section */

/* Begin PBXFrameworksBuildPhase section */
		0CC5E3742BE29CE80065A5F1 /* Frameworks */ = {
			isa = PBXFrameworksBuildPhase;
			buildActionMask = 2147483647;
			files = (
				0CC5E3C12BE2A3880065A5F1 /* Domain in Frameworks */,
				0CC5E3C72BE2A3880065A5F1 /* URLSessionNetworking in Frameworks */,
				0CC5E3C32BE2A3880065A5F1 /* Presentation in Frameworks */,
				0CC5E3BF2BE2A3880065A5F1 /* Data in Frameworks */,
				0CC5E3C52BE2A3880065A5F1 /* Uniflow in Frameworks */,
			);
			runOnlyForDeploymentPostprocessing = 0;
		};
		0CC5E3842BE29CE90065A5F1 /* Frameworks */ = {
			isa = PBXFrameworksBuildPhase;
			buildActionMask = 2147483647;
			files = (
			);
			runOnlyForDeploymentPostprocessing = 0;
		};
/* End PBXFrameworksBuildPhase section */

/* Begin PBXGroup section */
		0C141E642BE2A511005E074C /* Adapters */ = {
			isa = PBXGroup;
			children = (
				0C141E652BE2A520005E074C /* URLSessionNetworkingAdapter.swift */,
			);
			path = Adapters;
			sourceTree = "<group>";
		};
		0CC5E36E2BE29CE80065A5F1 = {
			isa = PBXGroup;
			children = (
				0CC5E3792BE29CE80065A5F1 /* ArchitectureDemo */,
				0CC5E3A42BE29D390065A5F1 /* Resources */,
				0CC5E38A2BE29CE90065A5F1 /* ArchitectureDemoTests */,
				0CC5E3782BE29CE80065A5F1 /* Products */,
				0CC5E3BD2BE2A3880065A5F1 /* Frameworks */,
			);
			sourceTree = "<group>";
		};
		0CC5E3782BE29CE80065A5F1 /* Products */ = {
			isa = PBXGroup;
			children = (
				0CC5E3772BE29CE80065A5F1 /* ArchitectureDemo.app */,
				0CC5E3872BE29CE90065A5F1 /* ArchitectureDemoTests.xctest */,
			);
			name = Products;
			sourceTree = "<group>";
		};
		0CC5E3792BE29CE80065A5F1 /* ArchitectureDemo */ = {
			isa = PBXGroup;
			children = (
				0CC5E3A62BE29D6B0065A5F1 /* Infrastructure */,
				0CC5E3A72BE29D750065A5F1 /* Data */,
				0CC5E3A82BE29D7C0065A5F1 /* Domain */,
				0CC5E3A92BE29D820065A5F1 /* Presentation */,
				0CC5E3AF2BE29E470065A5F1 /* Application */,
			);
			path = ArchitectureDemo;
			sourceTree = "<group>";
		};
		0CC5E3802BE29CE90065A5F1 /* Preview Content */ = {
			isa = PBXGroup;
			children = (
				0CC5E3812BE29CE90065A5F1 /* Preview Assets.xcassets */,
			);
			path = "Preview Content";
			sourceTree = "<group>";
		};
		0CC5E38A2BE29CE90065A5F1 /* ArchitectureDemoTests */ = {
			isa = PBXGroup;
			children = (
				0CC5E38B2BE29CE90065A5F1 /* ArchitectureDemoTests.swift */,
			);
			path = ArchitectureDemoTests;
			sourceTree = "<group>";
		};
		0CC5E3A42BE29D390065A5F1 /* Resources */ = {
			isa = PBXGroup;
			children = (
				0CC5E3A52BE29D480065A5F1 /* Assets */,
			);
			path = Resources;
			sourceTree = "<group>";
		};
		0CC5E3A52BE29D480065A5F1 /* Assets */ = {
			isa = PBXGroup;
			children = (
				0CC5E37E2BE29CE90065A5F1 /* Assets.xcassets */,
				0CC5E3802BE29CE90065A5F1 /* Preview Content */,
			);
			path = Assets;
			sourceTree = "<group>";
		};
		0CC5E3A62BE29D6B0065A5F1 /* Infrastructure */ = {
			isa = PBXGroup;
			children = (
				0CC5E3AB2BE29DE00065A5F1 /* URLSessionNetworking */,
				0CC5E3AA2BE29DB30065A5F1 /* Uniflow */,
			);
			path = Infrastructure;
			sourceTree = "<group>";
		};
		0CC5E3A72BE29D750065A5F1 /* Data */ = {
			isa = PBXGroup;
			children = (
				0CC5E3AC2BE29DFB0065A5F1 /* Data */,
			);
			path = Data;
			sourceTree = "<group>";
		};
		0CC5E3A82BE29D7C0065A5F1 /* Domain */ = {
			isa = PBXGroup;
			children = (
				0CC5E3AD2BE29E160065A5F1 /* Domain */,
			);
			path = Domain;
			sourceTree = "<group>";
		};
		0CC5E3A92BE29D820065A5F1 /* Presentation */ = {
			isa = PBXGroup;
			children = (
				0CC5E3AE2BE29E310065A5F1 /* Presentation */,
			);
			path = Presentation;
			sourceTree = "<group>";
		};
		0CC5E3AF2BE29E470065A5F1 /* Application */ = {
			isa = PBXGroup;
			children = (
				0C141E642BE2A511005E074C /* Adapters */,
				0CC5E3B82BE29EB60065A5F1 /* Coordinator */,
				0CC5E3B12BE29EAF0065A5F1 /* API.swift */,
				0CC5E3B32BE29EAF0065A5F1 /* AppDelegate.swift */,
				0CC5E3B02BE29EAF0065A5F1 /* ArchitectureDemoApp.swift */,
				0CC5E3B22BE29EAF0065A5F1 /* Container.swift */,
			);
			path = Application;
			sourceTree = "<group>";
		};
		0CC5E3B82BE29EB60065A5F1 /* Coordinator */ = {
			isa = PBXGroup;
			children = (
				0CC5E3B92BE29EC40065A5F1 /* AppCoordinator.swift */,
				0CC5E3BA2BE29EC40065A5F1 /* PokemonsCoordinator.swift */,
			);
			path = Coordinator;
			sourceTree = "<group>";
		};
		0CC5E3BD2BE2A3880065A5F1 /* Frameworks */ = {
			isa = PBXGroup;
			children = (
			);
			name = Frameworks;
			sourceTree = "<group>";
		};
/* End PBXGroup section */

/* Begin PBXNativeTarget section */
		0CC5E3762BE29CE80065A5F1 /* ArchitectureDemo */ = {
			isa = PBXNativeTarget;
			buildConfigurationList = 0CC5E39B2BE29CE90065A5F1 /* Build configuration list for PBXNativeTarget "ArchitectureDemo" */;
			buildPhases = (
				0CC5E3732BE29CE80065A5F1 /* Sources */,
				0CC5E3742BE29CE80065A5F1 /* Frameworks */,
				0CC5E3752BE29CE80065A5F1 /* Resources */,
			);
			buildRules = (
			);
			dependencies = (
			);
			name = ArchitectureDemo;
			packageProductDependencies = (
				0CC5E3BE2BE2A3880065A5F1 /* Data */,
				0CC5E3C02BE2A3880065A5F1 /* Domain */,
				0CC5E3C22BE2A3880065A5F1 /* Presentation */,
				0CC5E3C42BE2A3880065A5F1 /* Uniflow */,
				0CC5E3C62BE2A3880065A5F1 /* URLSessionNetworking */,
			);
			productName = ArchitectureDemo;
			productReference = 0CC5E3772BE29CE80065A5F1 /* ArchitectureDemo.app */;
			productType = "com.apple.product-type.application";
		};
		0CC5E3862BE29CE90065A5F1 /* ArchitectureDemoTests */ = {
			isa = PBXNativeTarget;
			buildConfigurationList = 0CC5E39E2BE29CE90065A5F1 /* Build configuration list for PBXNativeTarget "ArchitectureDemoTests" */;
			buildPhases = (
				0CC5E3832BE29CE90065A5F1 /* Sources */,
				0CC5E3842BE29CE90065A5F1 /* Frameworks */,
				0CC5E3852BE29CE90065A5F1 /* Resources */,
			);
			buildRules = (
			);
			dependencies = (
				0CC5E3892BE29CE90065A5F1 /* PBXTargetDependency */,
			);
			name = ArchitectureDemoTests;
			productName = ArchitectureDemoTests;
			productReference = 0CC5E3872BE29CE90065A5F1 /* ArchitectureDemoTests.xctest */;
			productType = "com.apple.product-type.bundle.unit-test";
		};
/* End PBXNativeTarget section */

/* Begin PBXProject section */
		0CC5E36F2BE29CE80065A5F1 /* Project object */ = {
			isa = PBXProject;
			attributes = {
				BuildIndependentTargetsInParallel = 1;
				LastSwiftUpdateCheck = 1530;
				LastUpgradeCheck = 1530;
				TargetAttributes = {
					0CC5E3762BE29CE80065A5F1 = {
						CreatedOnToolsVersion = 15.3;
						LastSwiftMigration = 1530;
					};
					0CC5E3862BE29CE90065A5F1 = {
						CreatedOnToolsVersion = 15.3;
						TestTargetID = 0CC5E3762BE29CE80065A5F1;
					};
				};
			};
			buildConfigurationList = 0CC5E3722BE29CE80065A5F1 /* Build configuration list for PBXProject "ArchitectureDemo" */;
			compatibilityVersion = "Xcode 14.0";
			developmentRegion = en;
			hasScannedForEncodings = 0;
			knownRegions = (
				en,
				Base,
			);
			mainGroup = 0CC5E36E2BE29CE80065A5F1;
			productRefGroup = 0CC5E3782BE29CE80065A5F1 /* Products */;
			projectDirPath = "";
			projectRoot = "";
			targets = (
				0CC5E3762BE29CE80065A5F1 /* ArchitectureDemo */,
				0CC5E3862BE29CE90065A5F1 /* ArchitectureDemoTests */,
			);
		};
/* End PBXProject section */

/* Begin PBXResourcesBuildPhase section */
		0CC5E3752BE29CE80065A5F1 /* Resources */ = {
			isa = PBXResourcesBuildPhase;
			buildActionMask = 2147483647;
			files = (
				0CC5E3822BE29CE90065A5F1 /* Preview Assets.xcassets in Resources */,
				0CC5E37F2BE29CE90065A5F1 /* Assets.xcassets in Resources */,
			);
			runOnlyForDeploymentPostprocessing = 0;
		};
		0CC5E3852BE29CE90065A5F1 /* Resources */ = {
			isa = PBXResourcesBuildPhase;
			buildActionMask = 2147483647;
			files = (
			);
			runOnlyForDeploymentPostprocessing = 0;
		};
/* End PBXResourcesBuildPhase section */

/* Begin PBXSourcesBuildPhase section */
		0CC5E3732BE29CE80065A5F1 /* Sources */ = {
			isa = PBXSourcesBuildPhase;
			buildActionMask = 2147483647;
			files = (
				0CC5E3BC2BE29EC40065A5F1 /* PokemonsCoordinator.swift in Sources */,
				0CC5E3B72BE29EAF0065A5F1 /* AppDelegate.swift in Sources */,
				0CC5E3B52BE29EAF0065A5F1 /* API.swift in Sources */,
				0CC5E3BB2BE29EC40065A5F1 /* AppCoordinator.swift in Sources */,
				0CC5E3B62BE29EAF0065A5F1 /* Container.swift in Sources */,
				0CC5E3B42BE29EAF0065A5F1 /* ArchitectureDemoApp.swift in Sources */,
				0C141E662BE2A520005E074C /* URLSessionNetworkingAdapter.swift in Sources */,
			);
			runOnlyForDeploymentPostprocessing = 0;
		};
		0CC5E3832BE29CE90065A5F1 /* Sources */ = {
			isa = PBXSourcesBuildPhase;
			buildActionMask = 2147483647;
			files = (
				0CC5E38C2BE29CE90065A5F1 /* ArchitectureDemoTests.swift in Sources */,
			);
			runOnlyForDeploymentPostprocessing = 0;
		};
/* End PBXSourcesBuildPhase section */

/* Begin PBXTargetDependency section */
		0CC5E3892BE29CE90065A5F1 /* PBXTargetDependency */ = {
			isa = PBXTargetDependency;
			target = 0CC5E3762BE29CE80065A5F1 /* ArchitectureDemo */;
			targetProxy = 0CC5E3882BE29CE90065A5F1 /* PBXContainerItemProxy */;
		};
/* End PBXTargetDependency section */

/* Begin XCBuildConfiguration section */
		0CC5E3992BE29CE90065A5F1 /* Debug */ = {
			isa = XCBuildConfiguration;
			buildSettings = {
				ALWAYS_SEARCH_USER_PATHS = NO;
				ASSETCATALOG_COMPILER_GENERATE_SWIFT_ASSET_SYMBOL_EXTENSIONS = YES;
				CLANG_ANALYZER_NONNULL = YES;
				CLANG_ANALYZER_NUMBER_OBJECT_CONVERSION = YES_AGGRESSIVE;
				CLANG_CXX_LANGUAGE_STANDARD = "gnu++20";
				CLANG_ENABLE_MODULES = YES;
				CLANG_ENABLE_OBJC_ARC = YES;
				CLANG_ENABLE_OBJC_WEAK = YES;
				CLANG_WARN_BLOCK_CAPTURE_AUTORELEASING = YES;
				CLANG_WARN_BOOL_CONVERSION = YES;
				CLANG_WARN_COMMA = YES;
				CLANG_WARN_CONSTANT_CONVERSION = YES;
				CLANG_WARN_DEPRECATED_OBJC_IMPLEMENTATIONS = YES;
				CLANG_WARN_DIRECT_OBJC_ISA_USAGE = YES_ERROR;
				CLANG_WARN_DOCUMENTATION_COMMENTS = YES;
				CLANG_WARN_EMPTY_BODY = YES;
				CLANG_WARN_ENUM_CONVERSION = YES;
				CLANG_WARN_INFINITE_RECURSION = YES;
				CLANG_WARN_INT_CONVERSION = YES;
				CLANG_WARN_NON_LITERAL_NULL_CONVERSION = YES;
				CLANG_WARN_OBJC_IMPLICIT_RETAIN_SELF = YES;
				CLANG_WARN_OBJC_LITERAL_CONVERSION = YES;
				CLANG_WARN_OBJC_ROOT_CLASS = YES_ERROR;
				CLANG_WARN_QUOTED_INCLUDE_IN_FRAMEWORK_HEADER = YES;
				CLANG_WARN_RANGE_LOOP_ANALYSIS = YES;
				CLANG_WARN_STRICT_PROTOTYPES = YES;
				CLANG_WARN_SUSPICIOUS_MOVE = YES;
				CLANG_WARN_UNGUARDED_AVAILABILITY = YES_AGGRESSIVE;
				CLANG_WARN_UNREACHABLE_CODE = YES;
				CLANG_WARN__DUPLICATE_METHOD_MATCH = YES;
				COPY_PHASE_STRIP = NO;
				DEBUG_INFORMATION_FORMAT = dwarf;
				ENABLE_STRICT_OBJC_MSGSEND = YES;
				ENABLE_TESTABILITY = YES;
				ENABLE_USER_SCRIPT_SANDBOXING = YES;
				GCC_C_LANGUAGE_STANDARD = gnu17;
				GCC_DYNAMIC_NO_PIC = NO;
				GCC_NO_COMMON_BLOCKS = YES;
				GCC_OPTIMIZATION_LEVEL = 0;
				GCC_PREPROCESSOR_DEFINITIONS = (
					"DEBUG=1",
					"$(inherited)",
				);
				GCC_WARN_64_TO_32_BIT_CONVERSION = YES;
				GCC_WARN_ABOUT_RETURN_TYPE = YES_ERROR;
				GCC_WARN_UNDECLARED_SELECTOR = YES;
				GCC_WARN_UNINITIALIZED_AUTOS = YES_AGGRESSIVE;
				GCC_WARN_UNUSED_FUNCTION = YES;
				GCC_WARN_UNUSED_VARIABLE = YES;
				IPHONEOS_DEPLOYMENT_TARGET = 17.4;
				LOCALIZATION_PREFERS_STRING_CATALOGS = YES;
				MTL_ENABLE_DEBUG_INFO = INCLUDE_SOURCE;
				MTL_FAST_MATH = YES;
				ONLY_ACTIVE_ARCH = YES;
				SDKROOT = iphoneos;
				SWIFT_ACTIVE_COMPILATION_CONDITIONS = "DEBUG $(inherited)";
				SWIFT_OPTIMIZATION_LEVEL = "-Onone";
			};
			name = Debug;
		};
		0CC5E39A2BE29CE90065A5F1 /* Release */ = {
			isa = XCBuildConfiguration;
			buildSettings = {
				ALWAYS_SEARCH_USER_PATHS = NO;
				ASSETCATALOG_COMPILER_GENERATE_SWIFT_ASSET_SYMBOL_EXTENSIONS = YES;
				CLANG_ANALYZER_NONNULL = YES;
				CLANG_ANALYZER_NUMBER_OBJECT_CONVERSION = YES_AGGRESSIVE;
				CLANG_CXX_LANGUAGE_STANDARD = "gnu++20";
				CLANG_ENABLE_MODULES = YES;
				CLANG_ENABLE_OBJC_ARC = YES;
				CLANG_ENABLE_OBJC_WEAK = YES;
				CLANG_WARN_BLOCK_CAPTURE_AUTORELEASING = YES;
				CLANG_WARN_BOOL_CONVERSION = YES;
				CLANG_WARN_COMMA = YES;
				CLANG_WARN_CONSTANT_CONVERSION = YES;
				CLANG_WARN_DEPRECATED_OBJC_IMPLEMENTATIONS = YES;
				CLANG_WARN_DIRECT_OBJC_ISA_USAGE = YES_ERROR;
				CLANG_WARN_DOCUMENTATION_COMMENTS = YES;
				CLANG_WARN_EMPTY_BODY = YES;
				CLANG_WARN_ENUM_CONVERSION = YES;
				CLANG_WARN_INFINITE_RECURSION = YES;
				CLANG_WARN_INT_CONVERSION = YES;
				CLANG_WARN_NON_LITERAL_NULL_CONVERSION = YES;
				CLANG_WARN_OBJC_IMPLICIT_RETAIN_SELF = YES;
				CLANG_WARN_OBJC_LITERAL_CONVERSION = YES;
				CLANG_WARN_OBJC_ROOT_CLASS = YES_ERROR;
				CLANG_WARN_QUOTED_INCLUDE_IN_FRAMEWORK_HEADER = YES;
				CLANG_WARN_RANGE_LOOP_ANALYSIS = YES;
				CLANG_WARN_STRICT_PROTOTYPES = YES;
				CLANG_WARN_SUSPICIOUS_MOVE = YES;
				CLANG_WARN_UNGUARDED_AVAILABILITY = YES_AGGRESSIVE;
				CLANG_WARN_UNREACHABLE_CODE = YES;
				CLANG_WARN__DUPLICATE_METHOD_MATCH = YES;
				COPY_PHASE_STRIP = NO;
				DEBUG_INFORMATION_FORMAT = "dwarf-with-dsym";
				ENABLE_NS_ASSERTIONS = NO;
				ENABLE_STRICT_OBJC_MSGSEND = YES;
				ENABLE_USER_SCRIPT_SANDBOXING = YES;
				GCC_C_LANGUAGE_STANDARD = gnu17;
				GCC_NO_COMMON_BLOCKS = YES;
				GCC_WARN_64_TO_32_BIT_CONVERSION = YES;
				GCC_WARN_ABOUT_RETURN_TYPE = YES_ERROR;
				GCC_WARN_UNDECLARED_SELECTOR = YES;
				GCC_WARN_UNINITIALIZED_AUTOS = YES_AGGRESSIVE;
				GCC_WARN_UNUSED_FUNCTION = YES;
				GCC_WARN_UNUSED_VARIABLE = YES;
				IPHONEOS_DEPLOYMENT_TARGET = 17.4;
				LOCALIZATION_PREFERS_STRING_CATALOGS = YES;
				MTL_ENABLE_DEBUG_INFO = NO;
				MTL_FAST_MATH = YES;
				SDKROOT = iphoneos;
				SWIFT_COMPILATION_MODE = wholemodule;
				VALIDATE_PRODUCT = YES;
			};
			name = Release;
		};
		0CC5E39C2BE29CE90065A5F1 /* Debug */ = {
			isa = XCBuildConfiguration;
			buildSettings = {
				ASSETCATALOG_COMPILER_APPICON_NAME = AppIcon;
				ASSETCATALOG_COMPILER_GLOBAL_ACCENT_COLOR_NAME = AccentColor;
				CLANG_ENABLE_MODULES = YES;
				CODE_SIGN_STYLE = Automatic;
				CURRENT_PROJECT_VERSION = 1;
				DEVELOPMENT_ASSET_PATHS = "\"Resources/Assets/Preview Content\"";
				DEVELOPMENT_TEAM = 4CHP7B6QMP;
				ENABLE_PREVIEWS = YES;
				GENERATE_INFOPLIST_FILE = YES;
				INFOPLIST_KEY_UIApplicationSceneManifest_Generation = YES;
				INFOPLIST_KEY_UIApplicationSupportsIndirectInputEvents = YES;
				INFOPLIST_KEY_UILaunchScreen_Generation = YES;
				INFOPLIST_KEY_UISupportedInterfaceOrientations_iPad = "UIInterfaceOrientationPortrait UIInterfaceOrientationPortraitUpsideDown UIInterfaceOrientationLandscapeLeft UIInterfaceOrientationLandscapeRight";
				INFOPLIST_KEY_UISupportedInterfaceOrientations_iPhone = "UIInterfaceOrientationPortrait UIInterfaceOrientationLandscapeLeft UIInterfaceOrientationLandscapeRight";
				LD_RUNPATH_SEARCH_PATHS = (
					"$(inherited)",
					"@executable_path/Frameworks",
				);
				MARKETING_VERSION = 1.0;
				PRODUCT_BUNDLE_IDENTIFIER = com.danijelhuis.ArchitectureDemo;
				PRODUCT_NAME = "$(TARGET_NAME)";
				SWIFT_EMIT_LOC_STRINGS = YES;
				SWIFT_OPTIMIZATION_LEVEL = "-Onone";
				SWIFT_VERSION = 5.0;
				TARGETED_DEVICE_FAMILY = "1,2";
			};
			name = Debug;
		};
		0CC5E39D2BE29CE90065A5F1 /* Release */ = {
			isa = XCBuildConfiguration;
			buildSettings = {
				ASSETCATALOG_COMPILER_APPICON_NAME = AppIcon;
				ASSETCATALOG_COMPILER_GLOBAL_ACCENT_COLOR_NAME = AccentColor;
				CLANG_ENABLE_MODULES = YES;
				CODE_SIGN_STYLE = Automatic;
				CURRENT_PROJECT_VERSION = 1;
				DEVELOPMENT_ASSET_PATHS = "\"Resources/Assets/Preview Content\"";
				DEVELOPMENT_TEAM = 4CHP7B6QMP;
				ENABLE_PREVIEWS = YES;
				GENERATE_INFOPLIST_FILE = YES;
				INFOPLIST_KEY_UIApplicationSceneManifest_Generation = YES;
				INFOPLIST_KEY_UIApplicationSupportsIndirectInputEvents = YES;
				INFOPLIST_KEY_UILaunchScreen_Generation = YES;
				INFOPLIST_KEY_UISupportedInterfaceOrientations_iPad = "UIInterfaceOrientationPortrait UIInterfaceOrientationPortraitUpsideDown UIInterfaceOrientationLandscapeLeft UIInterfaceOrientationLandscapeRight";
				INFOPLIST_KEY_UISupportedInterfaceOrientations_iPhone = "UIInterfaceOrientationPortrait UIInterfaceOrientationLandscapeLeft UIInterfaceOrientationLandscapeRight";
				LD_RUNPATH_SEARCH_PATHS = (
					"$(inherited)",
					"@executable_path/Frameworks",
				);
				MARKETING_VERSION = 1.0;
				PRODUCT_BUNDLE_IDENTIFIER = com.danijelhuis.ArchitectureDemo;
				PRODUCT_NAME = "$(TARGET_NAME)";
				SWIFT_EMIT_LOC_STRINGS = YES;
				SWIFT_VERSION = 5.0;
				TARGETED_DEVICE_FAMILY = "1,2";
			};
			name = Release;
		};
		0CC5E39F2BE29CE90065A5F1 /* Debug */ = {
			isa = XCBuildConfiguration;
			buildSettings = {
				ALWAYS_EMBED_SWIFT_STANDARD_LIBRARIES = YES;
				BUNDLE_LOADER = "$(TEST_HOST)";
				CODE_SIGN_STYLE = Automatic;
				CURRENT_PROJECT_VERSION = 1;
				DEVELOPMENT_TEAM = 4CHP7B6QMP;
				GENERATE_INFOPLIST_FILE = YES;
				IPHONEOS_DEPLOYMENT_TARGET = 17.4;
				MARKETING_VERSION = 1.0;
				PRODUCT_BUNDLE_IDENTIFIER = com.danijelhuis.ArchitectureDemoTests;
				PRODUCT_NAME = "$(TARGET_NAME)";
				SWIFT_EMIT_LOC_STRINGS = NO;
				SWIFT_VERSION = 5.0;
				TARGETED_DEVICE_FAMILY = "1,2";
				TEST_HOST = "$(BUILT_PRODUCTS_DIR)/ArchitectureDemo.app/$(BUNDLE_EXECUTABLE_FOLDER_PATH)/ArchitectureDemo";
			};
			name = Debug;
		};
		0CC5E3A02BE29CE90065A5F1 /* Release */ = {
			isa = XCBuildConfiguration;
			buildSettings = {
				ALWAYS_EMBED_SWIFT_STANDARD_LIBRARIES = YES;
				BUNDLE_LOADER = "$(TEST_HOST)";
				CODE_SIGN_STYLE = Automatic;
				CURRENT_PROJECT_VERSION = 1;
				DEVELOPMENT_TEAM = 4CHP7B6QMP;
				GENERATE_INFOPLIST_FILE = YES;
				IPHONEOS_DEPLOYMENT_TARGET = 17.4;
				MARKETING_VERSION = 1.0;
				PRODUCT_BUNDLE_IDENTIFIER = com.danijelhuis.ArchitectureDemoTests;
				PRODUCT_NAME = "$(TARGET_NAME)";
				SWIFT_EMIT_LOC_STRINGS = NO;
				SWIFT_VERSION = 5.0;
				TARGETED_DEVICE_FAMILY = "1,2";
				TEST_HOST = "$(BUILT_PRODUCTS_DIR)/ArchitectureDemo.app/$(BUNDLE_EXECUTABLE_FOLDER_PATH)/ArchitectureDemo";
			};
			name = Release;
		};
/* End XCBuildConfiguration section */

/* Begin XCConfigurationList section */
		0CC5E3722BE29CE80065A5F1 /* Build configuration list for PBXProject "ArchitectureDemo" */ = {
			isa = XCConfigurationList;
			buildConfigurations = (
				0CC5E3992BE29CE90065A5F1 /* Debug */,
				0CC5E39A2BE29CE90065A5F1 /* Release */,
			);
			defaultConfigurationIsVisible = 0;
			defaultConfigurationName = Release;
		};
		0CC5E39B2BE29CE90065A5F1 /* Build configuration list for PBXNativeTarget "ArchitectureDemo" */ = {
			isa = XCConfigurationList;
			buildConfigurations = (
				0CC5E39C2BE29CE90065A5F1 /* Debug */,
				0CC5E39D2BE29CE90065A5F1 /* Release */,
			);
			defaultConfigurationIsVisible = 0;
			defaultConfigurationName = Release;
		};
		0CC5E39E2BE29CE90065A5F1 /* Build configuration list for PBXNativeTarget "ArchitectureDemoTests" */ = {
			isa = XCConfigurationList;
			buildConfigurations = (
				0CC5E39F2BE29CE90065A5F1 /* Debug */,
				0CC5E3A02BE29CE90065A5F1 /* Release */,
			);
			defaultConfigurationIsVisible = 0;
			defaultConfigurationName = Release;
		};
/* End XCConfigurationList section */

/* Begin XCSwiftPackageProductDependency section */
		0CC5E3BE2BE2A3880065A5F1 /* Data */ = {
			isa = XCSwiftPackageProductDependency;
			productName = Data;
		};
		0CC5E3C02BE2A3880065A5F1 /* Domain */ = {
			isa = XCSwiftPackageProductDependency;
			productName = Domain;
		};
		0CC5E3C22BE2A3880065A5F1 /* Presentation */ = {
			isa = XCSwiftPackageProductDependency;
			productName = Presentation;
		};
		0CC5E3C42BE2A3880065A5F1 /* Uniflow */ = {
			isa = XCSwiftPackageProductDependency;
			productName = Uniflow;
		};
		0CC5E3C62BE2A3880065A5F1 /* URLSessionNetworking */ = {
			isa = XCSwiftPackageProductDependency;
			productName = URLSessionNetworking;
		};
/* End XCSwiftPackageProductDependency section */
	};
	rootObject = 0CC5E36F2BE29CE80065A5F1 /* Project object */;
}
